
Microsoft Visual Studio Solution File, Format Version 12.00
# Visual Studio 15
VisualStudioVersion = 15.0.28010.2041
MinimumVisualStudioVersion = 10.0.40219.1
Project("{FAE04EC0-301F-11D3-BF4B-00C04F79EFBC}") = "ConsolePourTest", "ConsolePourTest\ConsolePourTest.csproj", "{E21AC464-67AE-41C9-B2AD-C490C9493BCC}"
EndProject
Project("{FAE04EC0-301F-11D3-BF4B-00C04F79EFBC}") = "ConsolePourTestTests", "ConsolePourTestTests\ConsolePourTestTests.csproj", "{5BE2BE9C-154D-4F81-9844-7673AD7A0324}"
EndProject
Global
	GlobalSection(SolutionConfigurationPlatforms) = preSolution
		Debug|Any CPU = Debug|Any CPU
		Release|Any CPU = Release|Any CPU
	EndGlobalSection
	GlobalSection(ProjectConfigurationPlatforms) = postSolution
		{E21AC464-67AE-41C9-B2AD-C490C9493BCC}.Debug|Any CPU.ActiveCfg = Debug|Any CPU
		{E21AC464-67AE-41C9-B2AD-C490C9493BCC}.Debug|Any CPU.Build.0 = Debug|Any CPU
		{E21AC464-67AE-41C9-B2AD-C490C9493BCC}.Release|Any CPU.ActiveCfg = Release|Any CPU
		{E21AC464-67AE-41C9-B2AD-C490C9493BCC}.Release|Any CPU.Build.0 = Release|Any CPU
		{5BE2BE9C-154D-4F81-9844-7673AD7A0324}.Debug|Any CPU.ActiveCfg = Debug|Any CPU
		{5BE2BE9C-154D-4F81-9844-7673AD7A0324}.Debug|Any CPU.Build.0 = Debug|Any CPU
		{5BE2BE9C-154D-4F81-9844-7673AD7A0324}.Release|Any CPU.ActiveCfg = Release|Any CPU
		{5BE2BE9C-154D-4F81-9844-7673AD7A0324}.Release|Any CPU.Build.0 = Release|Any CPU
	EndGlobalSection
	GlobalSection(SolutionProperties) = preSolution
		HideSolutionNode = FALSE
	EndGlobalSection
	GlobalSection(ExtensibilityGlobals) = postSolution
		SolutionGuid = {801BEB38-26F9-4FDC-B1E9-30255D26B81E}
	EndGlobalSection
EndGlobal
